jtest = { version = "0.1.0", sha512 = "d377730566282d0f98f2660e89f8f3338f3b6816c7ead1fc02610c9f64fe6d74ccdae5ef2354fb8c4080c2d569bf155459ec643e3ee376766c0d219baa8ada3b" }
jtest-python = { version = "0.1.0", sha512 = "88f53f008e589af7d050a5a36bdd51bf909d8944c2648b49aeb4ba63c7a22a42bc2d2d25276bd575436936ba65bad99da104a5dcb7e97a54d9f31830ad5af259" }
