jo = "0.12.3"
harpe = { version = "0.1.0", sha512 = "69c49edcbc156be96dc7695b775380a1b6aa33739e9eee85c8583fcb10b99afb59bda53ff56e732098667fed8e0ffa34c98b43ea8b6e60bb97a1a91d2dff554f" }
harpe-caps = { version = "0.1.0", sha512 = "513a11c30c2757d32c464889f2b84c758eebbad6ce0d241c1358c8dee458a2b4a21827a371b4880478b4bd534d06d38013d20549be06a3fd11de407f23438950" }
